
Microsoft Visual Studio Solution File, Format Version 12.00
# Visual Studio Version 17
VisualStudioVersion = 17.7.34009.444
MinimumVisualStudioVersion = 10.0.40219.1
Project("{FAE04EC0-301F-11D3-BF4B-00C04F79EFBC}") = "leitorcav", "leitorcav.csproj", "{7828C9E9-521B-48FC-B7DA-4D30F28DFAE8}"
EndProject
Global
	GlobalSection(SolutionConfigurationPlatforms) = preSolution
		Debug|Any CPU = Debug|Any CPU
		Release|Any CPU = Release|Any CPU
	EndGlobalSection
	GlobalSection(ProjectConfigurationPlatforms) = postSolution
		{7828C9E9-521B-48FC-B7DA-4D30F28DFAE8}.Debug|Any CPU.ActiveCfg = Debug|Any CPU
		{7828C9E9-521B-48FC-B7DA-4D30F28DFAE8}.Debug|Any CPU.Build.0 = Debug|Any CPU
		{7828C9E9-521B-48FC-B7DA-4D30F28DFAE8}.Release|Any CPU.ActiveCfg = Release|Any CPU
		{7828C9E9-521B-48FC-B7DA-4D30F28DFAE8}.Release|Any CPU.Build.0 = Release|Any CPU
	EndGlobalSection
	GlobalSection(SolutionProperties) = preSolution
		HideSolutionNode = FALSE
	EndGlobalSection
	GlobalSection(ExtensibilityGlobals) = postSolution
		SolutionGuid = {712DD95F-43A4-4F6C-BCD5-C68E988FC1B8}
	EndGlobalSection
EndGlobal
